
Microsoft Visual Studio Solution File, Format Version 12.00
# Visual Studio Version 17
VisualStudioVersion = 17.11.35208.52
MinimumVisualStudioVersion = 10.0.40219.1
Project("{FAE04EC0-301F-11D3-BF4B-00C04F79EFBC}") = "SmartPlanner", "SmartPlanner\SmartPlanner.csproj", "{7651FA5F-1E11-40FD-AB08-B41738A5C1BE}"
EndProject
Project("{FAE04EC0-301F-11D3-BF4B-00C04F79EFBC}") = "SmartPlannerDb", "SmartPlannerDb\SmartPlannerDb.csproj", "{BAF9A3BE-454E-4BBB-9EBA-EA75C55CF974}"
EndProject
Global
	GlobalSection(SolutionConfigurationPlatforms) = preSolution
		Debug|Any CPU = Debug|Any CPU
		Release|Any CPU = Release|Any CPU
	EndGlobalSection
	GlobalSection(ProjectConfigurationPlatforms) = postSolution
		{7651FA5F-1E11-40FD-AB08-B41738A5C1BE}.Debug|Any CPU.ActiveCfg = Debug|Any CPU
		{7651FA5F-1E11-40FD-AB08-B41738A5C1BE}.Debug|Any CPU.Build.0 = Debug|Any CPU
		{7651FA5F-1E11-40FD-AB08-B41738A5C1BE}.Release|Any CPU.ActiveCfg = Release|Any CPU
		{7651FA5F-1E11-40FD-AB08-B41738A5C1BE}.Release|Any CPU.Build.0 = Release|Any CPU
		{BAF9A3BE-454E-4BBB-9EBA-EA75C55CF974}.Debug|Any CPU.ActiveCfg = Debug|Any CPU
		{BAF9A3BE-454E-4BBB-9EBA-EA75C55CF974}.Debug|Any CPU.Build.0 = Debug|Any CPU
		{BAF9A3BE-454E-4BBB-9EBA-EA75C55CF974}.Release|Any CPU.ActiveCfg = Release|Any CPU
		{BAF9A3BE-454E-4BBB-9EBA-EA75C55CF974}.Release|Any CPU.Build.0 = Release|Any CPU
	EndGlobalSection
	GlobalSection(SolutionProperties) = preSolution
		HideSolutionNode = FALSE
	EndGlobalSection
	GlobalSection(ExtensibilityGlobals) = postSolution
		SolutionGuid = {B3AB9AB8-52CA-4335-A72A-33A0D4CCC678}
	EndGlobalSection
EndGlobal
